
Microsoft Visual Studio Solution File, Format Version 12.00
# Visual Studio Version 16
VisualStudioVersion = 16.0.29609.76
MinimumVisualStudioVersion = 10.0.40219.1
Project("{9A19103F-16F7-4668-BE54-9A1E7A4F7556}") = "OpenMod.Scripting.JavaScript", "OpenMod.Scripting.JavaScript.csproj", "{04A77558-C37A-4E66-AC5E-D6C21130CE12}"
EndProject
Global
	GlobalSection(SolutionConfigurationPlatforms) = preSolution
		Debug|Any CPU = Debug|Any CPU
		Release|Any CPU = Release|Any CPU
	EndGlobalSection
	GlobalSection(ProjectConfigurationPlatforms) = postSolution
		{04A77558-C37A-4E66-AC5E-D6C21130CE12}.Debug|Any CPU.ActiveCfg = Debug|Any CPU
		{04A77558-C37A-4E66-AC5E-D6C21130CE12}.Debug|Any CPU.Build.0 = Debug|Any CPU
		{04A77558-C37A-4E66-AC5E-D6C21130CE12}.Release|Any CPU.ActiveCfg = Release|Any CPU
		{04A77558-C37A-4E66-AC5E-D6C21130CE12}.Release|Any CPU.Build.0 = Release|Any CPU
	EndGlobalSection
	GlobalSection(SolutionProperties) = preSolution
		HideSolutionNode = FALSE
	EndGlobalSection
	GlobalSection(ExtensibilityGlobals) = postSolution
		SolutionGuid = {DA51E5EC-56BC-4877-B247-C67569E12FFA}
	EndGlobalSection
EndGlobal
